
Microsoft Visual Studio Solution File, Format Version 12.00
# Visual Studio Version 16
VisualStudioVersion = 16.0.33927.289
MinimumVisualStudioVersion = 10.0.40219.1
Project("{FAE04EC0-301F-11D3-BF4B-00C04F79EFBC}") = "Not_Kayit_Sistemi", "Not_Kayit_Sistemi\Not_Kayit_Sistemi.csproj", "{29C31032-2025-45A6-9A46-67E2D761C248}"
EndProject
Global
	GlobalSection(SolutionConfigurationPlatforms) = preSolution
		Debug|Any CPU = Debug|Any CPU
		Release|Any CPU = Release|Any CPU
	EndGlobalSection
	GlobalSection(ProjectConfigurationPlatforms) = postSolution
		{29C31032-2025-45A6-9A46-67E2D761C248}.Debug|Any CPU.ActiveCfg = Debug|Any CPU
		{29C31032-2025-45A6-9A46-67E2D761C248}.Debug|Any CPU.Build.0 = Debug|Any CPU
		{29C31032-2025-45A6-9A46-67E2D761C248}.Release|Any CPU.ActiveCfg = Release|Any CPU
		{29C31032-2025-45A6-9A46-67E2D761C248}.Release|Any CPU.Build.0 = Release|Any CPU
	EndGlobalSection
	GlobalSection(SolutionProperties) = preSolution
		HideSolutionNode = FALSE
	EndGlobalSection
	GlobalSection(ExtensibilityGlobals) = postSolution
		SolutionGuid = {1E0DA5B5-2CE2-4C4B-83DE-FA5C53940758}
	EndGlobalSection
EndGlobal
